
Microsoft Visual Studio Solution File, Format Version 12.00
# Visual Studio Version 16
VisualStudioVersion = 16.0.32929.386
MinimumVisualStudioVersion = 10.0.40219.1
Project("{FAE04EC0-301F-11D3-BF4B-00C04F79EFBC}") = "TicariOtomasyon", "TicariOtomasyon\TicariOtomasyon.csproj", "{7163817F-7C35-4262-8DC4-AA7BA8A7DB54}"
EndProject
Global
	GlobalSection(SolutionConfigurationPlatforms) = preSolution
		Debug|Any CPU = Debug|Any CPU
		Release|Any CPU = Release|Any CPU
	EndGlobalSection
	GlobalSection(ProjectConfigurationPlatforms) = postSolution
		{7163817F-7C35-4262-8DC4-AA7BA8A7DB54}.Debug|Any CPU.ActiveCfg = Debug|Any CPU
		{7163817F-7C35-4262-8DC4-AA7BA8A7DB54}.Debug|Any CPU.Build.0 = Debug|Any CPU
		{7163817F-7C35-4262-8DC4-AA7BA8A7DB54}.Release|Any CPU.ActiveCfg = Release|Any CPU
		{7163817F-7C35-4262-8DC4-AA7BA8A7DB54}.Release|Any CPU.Build.0 = Release|Any CPU
	EndGlobalSection
	GlobalSection(SolutionProperties) = preSolution
		HideSolutionNode = FALSE
	EndGlobalSection
	GlobalSection(ExtensibilityGlobals) = postSolution
		SolutionGuid = {607AF3C1-6935-43E6-846C-924C82E3F9C4}
	EndGlobalSection
EndGlobal
